// !$*UTF8*$!
{
	archiveVersion = 1;
	classes = {
	};
	objectVersion = 46;
	objects = {

/* Begin PBXBuildFile section */
		34C42A1718A532CE00D2361E /* EC3CB1E7-17B6-4302-9950-7663BB8CC7DC.png in Resources */ = {isa = PBXBuildFile; fileRef = 34C42A1618A532CE00D2361E /* EC3CB1E7-17B6-4302-9950-7663BB8CC7DC.png */; };
		34FCBB8218A4A451006002E2 /* Foundation.framework in Frameworks */ = {isa = PBXBuildFile; fileRef = 34FCBB8118A4A451006002E2 /* Foundation.framework */; };
		34FCBB8418A4A451006002E2 /* CoreGraphics.framework in Frameworks */ = {isa = PBXBuildFile; fileRef = 34FCBB8318A4A451006002E2 /* CoreGraphics.framework */; };
		34FCBB8618A4A451006002E2 /* UIKit.framework in Frameworks */ = {isa = PBXBuildFile; fileRef = 34FCBB8518A4A451006002E2 /* UIKit.framework */; };
		34FCBB8C18A4A451006002E2 /* InfoPlist.strings in Resources */ = {isa = PBXBuildFile; fileRef = 34FCBB8A18A4A451006002E2 /* InfoPlist.strings */; };
		34FCBB8E18A4A451006002E2 /* main.m in Sources */ = {isa = PBXBuildFile; fileRef = 34FCBB8D18A4A451006002E2 /* main.m */; };
		34FCBB9218A4A451006002E2 /* AppDelegate.m in Sources */ = {isa = PBXBuildFile; fileRef = 34FCBB9118A4A451006002E2 /* AppDelegate.m */; };
		34FCBB9518A4A451006002E2 /* Main.storyboard in Resources */ = {isa = PBXBuildFile; fileRef = 34FCBB9318A4A451006002E2 /* Main.storyboard */; };
		34FCBB9818A4A451006002E2 /* ViewController.m in Sources */ = {isa = PBXBuildFile; fileRef = 34FCBB9718A4A451006002E2 /* ViewController.m */; };
		34FCBB9A18A4A451006002E2 /* Images.xcassets in Resources */ = {isa = PBXBuildFile; fileRef = 34FCBB9918A4A451006002E2 /* Images.xcassets */; };
		34FCBBA118A4A451006002E2 /* XCTest.framework in Frameworks */ = {isa = PBXBuildFile; fileRef = 34FCBBA018A4A451006002E2 /* XCTest.framework */; };
		34FCBBA218A4A451006002E2 /* Foundation.framework in Frameworks */ = {isa = PBXBuildFile; fileRef = 34FCBB8118A4A451006002E2 /* Foundation.framework */; };
		34FCBBA318A4A451006002E2 /* UIKit.framework in Frameworks */ = {isa = PBXBuildFile; fileRef = 34FCBB8518A4A451006002E2 /* UIKit.framework */; };
		34FCBBAB18A4A451006002E2 /* InfoPlist.strings in Resources */ = {isa = PBXBuildFile; fileRef = 34FCBBA918A4A451006002E2 /* InfoPlist.strings */; };
		34FCBBAD18A4A451006002E2 /* CircleProgressViewDemoTests.m in Sources */ = {isa = PBXBuildFile; fileRef = 34FCBBAC18A4A451006002E2 /* CircleProgressViewDemoTests.m */; };
		34FCBBB818A4A468006002E2 /* CircleProgressView.m in Sources */ = {isa = PBXBuildFile; fileRef = 34FCBBB718A4A468006002E2 /* CircleProgressView.m */; };
/* End PBXBuildFile section */

/* Begin PBXContainerItemProxy section */
		34FCBBA418A4A451006002E2 /* PBXContainerItemProxy */ = {
			isa = PBXContainerItemProxy;
			containerPortal = 34FCBB7618A4A451006002E2 /* Project object */;
			proxyType = 1;
			remoteGlobalIDString = 34FCBB7D18A4A451006002E2;
			remoteInfo = CircleProgressViewDemo;
		};
/* End PBXContainerItemProxy section */

/* Begin PBXFileReference section */
		34C42A1618A532CE00D2361E /* EC3CB1E7-17B6-4302-9950-7663BB8CC7DC.png */ = {isa = PBXFileReference; lastKnownFileType = image.png; path = "EC3CB1E7-17B6-4302-9950-7663BB8CC7DC.png"; sourceTree = "<group>"; };
		34FCBB7E18A4A451006002E2 /* CircleProgressViewDemo.app */ = {isa = PBXFileReference; explicitFileType = wrapper.application; includeInIndex = 0; path = CircleProgressViewDemo.app; sourceTree = BUILT_PRODUCTS_DIR; };
		34FCBB8118A4A451006002E2 /* Foundation.framework */ = {isa = PBXFileReference; lastKnownFileType = wrapper.framework; name = Foundation.framework; path = System/Library/Frameworks/Foundation.framework; sourceTree = SDKROOT; };
		34FCBB8318A4A451006002E2 /* CoreGraphics.framework */ = {isa = PBXFileReference; lastKnownFileType = wrapper.framework; name = CoreGraphics.framework; path = System/Library/Frameworks/CoreGraphics.framework; sourceTree = SDKROOT; };
		34FCBB8518A4A451006002E2 /* UIKit.framework */ = {isa = PBXFileReference; lastKnownFileType = wrapper.framework; name = UIKit.framework; path = System/Library/Frameworks/UIKit.framework; sourceTree = SDKROOT; };
		34FCBB8918A4A451006002E2 /* CircleProgressViewDemo-Info.plist */ = {isa = PBXFileReference; lastKnownFileType = text.plist.xml; path = "CircleProgressViewDemo-Info.plist"; sourceTree = "<group>"; };
		34FCBB8B18A4A451006002E2 /* en */ = {isa = PBXFileReference; lastKnownFileType = text.plist.strings; name = en; path = en.lproj/InfoPlist.strings; sourceTree = "<group>"; };
		34FCBB8D18A4A451006002E2 /* main.m */ = {isa = PBXFileReference; lastKnownFileType = sourcecode.c.objc; path = main.m; sourceTree = "<group>"; };
		34FCBB8F18A4A451006002E2 /* CircleProgressViewDemo-Prefix.pch */ = {isa = PBXFileReference; lastKnownFileType = sourcecode.c.h; path = "CircleProgressViewDemo-Prefix.pch"; sourceTree = "<group>"; };
		34FCBB9018A4A451006002E2 /* AppDelegate.h */ = {isa = PBXFileReference; lastKnownFileType = sourcecode.c.h; path = AppDelegate.h; sourceTree = "<group>"; };
		34FCBB9118A4A451006002E2 /* AppDelegate.m */ = {isa = PBXFileReference; lastKnownFileType = sourcecode.c.objc; path = AppDelegate.m; sourceTree = "<group>"; };
		34FCBB9418A4A451006002E2 /* Base */ = {isa = PBXFileReference; lastKnownFileType = file.storyboard; name = Base; path = Base.lproj/Main.storyboard; sourceTree = "<group>"; };
		34FCBB9618A4A451006002E2 /* ViewController.h */ = {isa = PBXFileReference; lastKnownFileType = sourcecode.c.h; path = ViewController.h; sourceTree = "<group>"; };
		34FCBB9718A4A451006002E2 /* ViewController.m */ = {isa = PBXFileReference; lastKnownFileType = sourcecode.c.objc; path = ViewController.m; sourceTree = "<group>"; };
		34FCBB9918A4A451006002E2 /* Images.xcassets */ = {isa = PBXFileReference; lastKnownFileType = folder.assetcatalog; path = Images.xcassets; sourceTree = "<group>"; };
		34FCBB9F18A4A451006002E2 /* CircleProgressViewDemoTests.xctest */ = {isa = PBXFileReference; explicitFileType = wrapper.cfbundle; includeInIndex = 0; path = CircleProgressViewDemoTests.xctest; sourceTree = BUILT_PRODUCTS_DIR; };
		34FCBBA018A4A451006002E2 /* XCTest.framework */ = {isa = PBXFileReference; lastKnownFileType = wrapper.framework; name = XCTest.framework; path = Library/Frameworks/XCTest.framework; sourceTree = DEVELOPER_DIR; };
		34FCBBA818A4A451006002E2 /* CircleProgressViewDemoTests-Info.plist */ = {isa = PBXFileReference; lastKnownFileType = text.plist.xml; path = "CircleProgressViewDemoTests-Info.plist"; sourceTree = "<group>"; };
		34FCBBAA18A4A451006002E2 /* en */ = {isa = PBXFileReference; lastKnownFileType = text.plist.strings; name = en; path = en.lproj/InfoPlist.strings; sourceTree = "<group>"; };
		34FCBBAC18A4A451006002E2 /* CircleProgressViewDemoTests.m */ = {isa = PBXFileReference; lastKnownFileType = sourcecode.c.objc; path = CircleProgressViewDemoTests.m; sourceTree = "<group>"; };
		34FCBBB618A4A468006002E2 /* CircleProgressView.h */ = {isa = PBXFileReference; fileEncoding = 4; lastKnownFileType = sourcecode.c.h; name = CircleProgressView.h; path = CircleProgressView/CircleProgressView.h; sourceTree = "<group>"; };
		34FCBBB718A4A468006002E2 /* CircleProgressView.m */ = {isa = PBXFileReference; fileEncoding = 4; lastKnownFileType = sourcecode.c.objc; name = CircleProgressView.m; path = CircleProgressView/CircleProgressView.m; sourceTree = "<group>"; };
/* End PBXFileReference section */

/* Begin PBXFrameworksBuildPhase section */
		34FCBB7B18A4A451006002E2 /* Frameworks */ = {
			isa = PBXFrameworksBuildPhase;
			buildActionMask = 2147483647;
			files = (
				34FCBB8418A4A451006002E2 /* CoreGraphics.framework in Frameworks */,
				34FCBB8618A4A451006002E2 /* UIKit.framework in Frameworks */,
				34FCBB8218A4A451006002E2 /* Foundation.framework in Frameworks */,
			);
			runOnlyForDeploymentPostprocessing = 0;
		};
		34FCBB9C18A4A451006002E2 /* Frameworks */ = {
			isa = PBXFrameworksBuildPhase;
			buildActionMask = 2147483647;
			files = (
				34FCBBA118A4A451006002E2 /* XCTest.framework in Frameworks */,
				34FCBBA318A4A451006002E2 /* UIKit.framework in Frameworks */,
				34FCBBA218A4A451006002E2 /* Foundation.framework in Frameworks */,
			);
			runOnlyForDeploymentPostprocessing = 0;
		};
/* End PBXFrameworksBuildPhase section */

/* Begin PBXGroup section */
		34FCBB7518A4A451006002E2 = {
			isa = PBXGroup;
			children = (
				34FCBB8718A4A451006002E2 /* CircleProgressViewDemo */,
				34FCBBA618A4A451006002E2 /* CircleProgressViewDemoTests */,
				34FCBB8018A4A451006002E2 /* Frameworks */,
				34FCBB7F18A4A451006002E2 /* Products */,
			);
			sourceTree = "<group>";
		};
		34FCBB7F18A4A451006002E2 /* Products */ = {
			isa = PBXGroup;
			children = (
				34FCBB7E18A4A451006002E2 /* CircleProgressViewDemo.app */,
				34FCBB9F18A4A451006002E2 /* CircleProgressViewDemoTests.xctest */,
			);
			name = Products;
			sourceTree = "<group>";
		};
		34FCBB8018A4A451006002E2 /* Frameworks */ = {
			isa = PBXGroup;
			children = (
				34FCBB8118A4A451006002E2 /* Foundation.framework */,
				34FCBB8318A4A451006002E2 /* CoreGraphics.framework */,
				34FCBB8518A4A451006002E2 /* UIKit.framework */,
				34FCBBA018A4A451006002E2 /* XCTest.framework */,
			);
			name = Frameworks;
			sourceTree = "<group>";
		};
		34FCBB8718A4A451006002E2 /* CircleProgressViewDemo */ = {
			isa = PBXGroup;
			children = (
				34FCBB9018A4A451006002E2 /* AppDelegate.h */,
				34FCBB9118A4A451006002E2 /* AppDelegate.m */,
				34FCBB9318A4A451006002E2 /* Main.storyboard */,
				34FCBB9618A4A451006002E2 /* ViewController.h */,
				34FCBB9718A4A451006002E2 /* ViewController.m */,
				34FCBB9918A4A451006002E2 /* Images.xcassets */,
				34C42A1618A532CE00D2361E /* EC3CB1E7-17B6-4302-9950-7663BB8CC7DC.png */,
				34FCBB8818A4A451006002E2 /* Supporting Files */,
				34FCBBB618A4A468006002E2 /* CircleProgressView.h */,
				34FCBBB718A4A468006002E2 /* CircleProgressView.m */,
			);
			path = CircleProgressViewDemo;
			sourceTree = "<group>";
		};
		34FCBB8818A4A451006002E2 /* Supporting Files */ = {
			isa = PBXGroup;
			children = (
				34FCBB8918A4A451006002E2 /* CircleProgressViewDemo-Info.plist */,
				34FCBB8A18A4A451006002E2 /* InfoPlist.strings */,
				34FCBB8D18A4A451006002E2 /* main.m */,
				34FCBB8F18A4A451006002E2 /* CircleProgressViewDemo-Prefix.pch */,
			);
			name = "Supporting Files";
			sourceTree = "<group>";
		};
		34FCBBA618A4A451006002E2 /* CircleProgressViewDemoTests */ = {
			isa = PBXGroup;
			children = (
				34FCBBAC18A4A451006002E2 /* CircleProgressViewDemoTests.m */,
				34FCBBA718A4A451006002E2 /* Supporting Files */,
			);
			path = CircleProgressViewDemoTests;
			sourceTree = "<group>";
		};
		34FCBBA718A4A451006002E2 /* Supporting Files */ = {
			isa = PBXGroup;
			children = (
				34FCBBA818A4A451006002E2 /* CircleProgressViewDemoTests-Info.plist */,
				34FCBBA918A4A451006002E2 /* InfoPlist.strings */,
			);
			name = "Supporting Files";
			sourceTree = "<group>";
		};
/* End PBXGroup section */

/* Begin PBXNativeTarget section */
		34FCBB7D18A4A451006002E2 /* CircleProgressViewDemo */ = {
			isa = PBXNativeTarget;
			buildConfigurationList = 34FCBBB018A4A451006002E2 /* Build configuration list for PBXNativeTarget "CircleProgressViewDemo" */;
			buildPhases = (
				34FCBB7A18A4A451006002E2 /* Sources */,
				34FCBB7B18A4A451006002E2 /* Frameworks */,
				34FCBB7C18A4A451006002E2 /* Resources */,
			);
			buildRules = (
			);
			dependencies = (
			);
			name = CircleProgressViewDemo;
			productName = CircleProgressViewDemo;
			productReference = 34FCBB7E18A4A451006002E2 /* CircleProgressViewDemo.app */;
			productType = "com.apple.product-type.application";
		};
		34FCBB9E18A4A451006002E2 /* CircleProgressViewDemoTests */ = {
			isa = PBXNativeTarget;
			buildConfigurationList = 34FCBBB318A4A451006002E2 /* Build configuration list for PBXNativeTarget "CircleProgressViewDemoTests" */;
			buildPhases = (
				34FCBB9B18A4A451006002E2 /* Sources */,
				34FCBB9C18A4A451006002E2 /* Frameworks */,
				34FCBB9D18A4A451006002E2 /* Resources */,
			);
			buildRules = (
			);
			dependencies = (
				34FCBBA518A4A451006002E2 /* PBXTargetDependency */,
			);
			name = CircleProgressViewDemoTests;
			productName = CircleProgressViewDemoTests;
			productReference = 34FCBB9F18A4A451006002E2 /* CircleProgressViewDemoTests.xctest */;
			productType = "com.apple.product-type.bundle.unit-test";
		};
/* End PBXNativeTarget section */

/* Begin PBXProject section */
		34FCBB7618A4A451006002E2 /* Project object */ = {
			isa = PBXProject;
			attributes = {
				LastUpgradeCheck = 0500;
				ORGANIZATIONNAME = "tu changwei";
				TargetAttributes = {
					34FCBB9E18A4A451006002E2 = {
						TestTargetID = 34FCBB7D18A4A451006002E2;
					};
				};
			};
			buildConfigurationList = 34FCBB7918A4A451006002E2 /* Build configuration list for PBXProject "CircleProgressViewDemo" */;
			compatibilityVersion = "Xcode 3.2";
			developmentRegion = English;
			hasScannedForEncodings = 0;
			knownRegions = (
				en,
				Base,
			);
			mainGroup = 34FCBB7518A4A451006002E2;
			productRefGroup = 34FCBB7F18A4A451006002E2 /* Products */;
			projectDirPath = "";
			projectRoot = "";
			targets = (
				34FCBB7D18A4A451006002E2 /* CircleProgressViewDemo */,
				34FCBB9E18A4A451006002E2 /* CircleProgressViewDemoTests */,
			);
		};
/* End PBXProject section */

/* Begin PBXResourcesBuildPhase section */
		34FCBB7C18A4A451006002E2 /* Resources */ = {
			isa = PBXResourcesBuildPhase;
			buildActionMask = 2147483647;
			files = (
				34C42A1718A532CE00D2361E /* EC3CB1E7-17B6-4302-9950-7663BB8CC7DC.png in Resources */,
				34FCBB9A18A4A451006002E2 /* Images.xcassets in Resources */,
				34FCBB8C18A4A451006002E2 /* InfoPlist.strings in Resources */,
				34FCBB9518A4A451006002E2 /* Main.storyboard in Resources */,
			);
			runOnlyForDeploymentPostprocessing = 0;
		};
		34FCBB9D18A4A451006002E2 /* Resources */ = {
			isa = PBXResourcesBuildPhase;
			buildActionMask = 2147483647;
			files = (
				34FCBBAB18A4A451006002E2 /* InfoPlist.strings in Resources */,
			);
			runOnlyForDeploymentPostprocessing = 0;
		};
/* End PBXResourcesBuildPhase section */

/* Begin PBXSourcesBuildPhase section */
		34FCBB7A18A4A451006002E2 /* Sources */ = {
			isa = PBXSourcesBuildPhase;
			buildActionMask = 2147483647;
			files = (
				34FCBB9818A4A451006002E2 /* ViewController.m in Sources */,
				34FCBBB818A4A468006002E2 /* CircleProgressView.m in Sources */,
				34FCBB9218A4A451006002E2 /* AppDelegate.m in Sources */,
				34FCBB8E18A4A451006002E2 /* main.m in Sources */,
			);
			runOnlyForDeploymentPostprocessing = 0;
		};
		34FCBB9B18A4A451006002E2 /* Sources */ = {
			isa = PBXSourcesBuildPhase;
			buildActionMask = 2147483647;
			files = (
				34FCBBAD18A4A451006002E2 /* CircleProgressViewDemoTests.m in Sources */,
			);
			runOnlyForDeploymentPostprocessing = 0;
		};
/* End PBXSourcesBuildPhase section */

/* Begin PBXTargetDependency section */
		34FCBBA518A4A451006002E2 /* PBXTargetDependency */ = {
			isa = PBXTargetDependency;
			target = 34FCBB7D18A4A451006002E2 /* CircleProgressViewDemo */;
			targetProxy = 34FCBBA418A4A451006002E2 /* PBXContainerItemProxy */;
		};
/* End PBXTargetDependency section */

/* Begin PBXVariantGroup section */
		34FCBB8A18A4A451006002E2 /* InfoPlist.strings */ = {
			isa = PBXVariantGroup;
			children = (
				34FCBB8B18A4A451006002E2 /* en */,
			);
			name = InfoPlist.strings;
			sourceTree = "<group>";
		};
		34FCBB9318A4A451006002E2 /* Main.storyboard */ = {
			isa = PBXVariantGroup;
			children = (
				34FCBB9418A4A451006002E2 /* Base */,
			);
			name = Main.storyboard;
			sourceTree = "<group>";
		};
		34FCBBA918A4A451006002E2 /* InfoPlist.strings */ = {
			isa = PBXVariantGroup;
			children = (
				34FCBBAA18A4A451006002E2 /* en */,
			);
			name = InfoPlist.strings;
			sourceTree = "<group>";
		};
/* End PBXVariantGroup section */

/* Begin XCBuildConfiguration section */
		34FCBBAE18A4A451006002E2 /* Debug */ = {
			isa = XCBuildConfiguration;
			buildSettings = {
				ALWAYS_SEARCH_USER_PATHS = NO;
				ARCHS = "$(ARCHS_STANDARD_INCLUDING_64_BIT)";
				CLANG_CXX_LANGUAGE_STANDARD = "gnu++0x";
				CLANG_CXX_LIBRARY = "libc++";
				CLANG_ENABLE_MODULES = YES;
				CLANG_ENABLE_OBJC_ARC = YES;
				CLANG_WARN_BOOL_CONVERSION = YES;
				CLANG_WARN_CONSTANT_CONVERSION = YES;
				CLANG_WARN_DIRECT_OBJC_ISA_USAGE = YES_ERROR;
				CLANG_WARN_EMPTY_BODY = YES;
				CLANG_WARN_ENUM_CONVERSION = YES;
				CLANG_WARN_INT_CONVERSION = YES;
				CLANG_WARN_OBJC_ROOT_CLASS = YES_ERROR;
				CLANG_WARN__DUPLICATE_METHOD_MATCH = YES;
				"CODE_SIGN_IDENTITY[sdk=iphoneos*]" = "iPhone Developer";
				COPY_PHASE_STRIP = NO;
				GCC_C_LANGUAGE_STANDARD = gnu99;
				GCC_DYNAMIC_NO_PIC = NO;
				GCC_OPTIMIZATION_LEVEL = 0;
				GCC_PREPROCESSOR_DEFINITIONS = (
					"DEBUG=1",
					"$(inherited)",
				);
				GCC_SYMBOLS_PRIVATE_EXTERN = NO;
				GCC_WARN_64_TO_32_BIT_CONVERSION = YES;
				GCC_WARN_ABOUT_RETURN_TYPE = YES_ERROR;
				GCC_WARN_UNDECLARED_SELECTOR = YES;
				GCC_WARN_UNINITIALIZED_AUTOS = YES;
				GCC_WARN_UNUSED_FUNCTION = YES;
				GCC_WARN_UNUSED_VARIABLE = YES;
				IPHONEOS_DEPLOYMENT_TARGET = 7.0;
				ONLY_ACTIVE_ARCH = YES;
				SDKROOT = iphoneos;
			};
			name = Debug;
		};
		34FCBBAF18A4A451006002E2 /* Release */ = {
			isa = XCBuildConfiguration;
			buildSettings = {
				ALWAYS_SEARCH_USER_PATHS = NO;
				ARCHS = "$(ARCHS_STANDARD_INCLUDING_64_BIT)";
				CLANG_CXX_LANGUAGE_STANDARD = "gnu++0x";
				CLANG_CXX_LIBRARY = "libc++";
				CLANG_ENABLE_MODULES = YES;
				CLANG_ENABLE_OBJC_ARC = YES;
				CLANG_WARN_BOOL_CONVERSION = YES;
				CLANG_WARN_CONSTANT_CONVERSION = YES;
				CLANG_WARN_DIRECT_OBJC_ISA_USAGE = YES_ERROR;
				CLANG_WARN_EMPTY_BODY = YES;
				CLANG_WARN_ENUM_CONVERSION = YES;
				CLANG_WARN_INT_CONVERSION = YES;
				CLANG_WARN_OBJC_ROOT_CLASS = YES_ERROR;
				CLANG_WARN__DUPLICATE_METHOD_MATCH = YES;
				"CODE_SIGN_IDENTITY[sdk=iphoneos*]" = "iPhone Developer";
				COPY_PHASE_STRIP = YES;
				ENABLE_NS_ASSERTIONS = NO;
				GCC_C_LANGUAGE_STANDARD = gnu99;
				GCC_WARN_64_TO_32_BIT_CONVERSION = YES;
				GCC_WARN_ABOUT_RETURN_TYPE = YES_ERROR;
				GCC_WARN_UNDECLARED_SELECTOR = YES;
				GCC_WARN_UNINITIALIZED_AUTOS = YES;
				GCC_WARN_UNUSED_FUNCTION = YES;
				GCC_WARN_UNUSED_VARIABLE = YES;
				IPHONEOS_DEPLOYMENT_TARGET = 7.0;
				SDKROOT = iphoneos;
				VALIDATE_PRODUCT = YES;
			};
			name = Release;
		};
		34FCBBB118A4A451006002E2 /* Debug */ = {
			isa = XCBuildConfiguration;
			buildSettings = {
				ASSETCATALOG_COMPILER_APPICON_NAME = AppIcon;
				ASSETCATALOG_COMPILER_LAUNCHIMAGE_NAME = LaunchImage;
				GCC_PRECOMPILE_PREFIX_HEADER = YES;
				GCC_PREFIX_HEADER = "CircleProgressViewDemo/CircleProgressViewDemo-Prefix.pch";
				INFOPLIST_FILE = "CircleProgressViewDemo/CircleProgressViewDemo-Info.plist";
				PRODUCT_NAME = "$(TARGET_NAME)";
				WRAPPER_EXTENSION = app;
			};
			name = Debug;
		};
		34FCBBB218A4A451006002E2 /* Release */ = {
			isa = XCBuildConfiguration;
			buildSettings = {
				ASSETCATALOG_COMPILER_APPICON_NAME = AppIcon;
				ASSETCATALOG_COMPILER_LAUNCHIMAGE_NAME = LaunchImage;
				GCC_PRECOMPILE_PREFIX_HEADER = YES;
				GCC_PREFIX_HEADER = "CircleProgressViewDemo/CircleProgressViewDemo-Prefix.pch";
				INFOPLIST_FILE = "CircleProgressViewDemo/CircleProgressViewDemo-Info.plist";
				PRODUCT_NAME = "$(TARGET_NAME)";
				WRAPPER_EXTENSION = app;
			};
			name = Release;
		};
		34FCBBB418A4A451006002E2 /* Debug */ = {
			isa = XCBuildConfiguration;
			buildSettings = {
				ARCHS = "$(ARCHS_STANDARD_INCLUDING_64_BIT)";
				BUNDLE_LOADER = "$(BUILT_PRODUCTS_DIR)/CircleProgressViewDemo.app/CircleProgressViewDemo";
				FRAMEWORK_SEARCH_PATHS = (
					"$(SDKROOT)/Developer/Library/Frameworks",
					"$(inherited)",
					"$(DEVELOPER_FRAMEWORKS_DIR)",
				);
				GCC_PRECOMPILE_PREFIX_HEADER = YES;
				GCC_PREFIX_HEADER = "CircleProgressViewDemo/CircleProgressViewDemo-Prefix.pch";
				GCC_PREPROCESSOR_DEFINITIONS = (
					"DEBUG=1",
					"$(inherited)",
				);
				INFOPLIST_FILE = "CircleProgressViewDemoTests/CircleProgressViewDemoTests-Info.plist";
				PRODUCT_NAME = "$(TARGET_NAME)";
				TEST_HOST = "$(BUNDLE_LOADER)";
				WRAPPER_EXTENSION = xctest;
			};
			name = Debug;
		};
		34FCBBB518A4A451006002E2 /* Release */ = {
			isa = XCBuildConfiguration;
			buildSettings = {
				ARCHS = "$(ARCHS_STANDARD_INCLUDING_64_BIT)";
				BUNDLE_LOADER = "$(BUILT_PRODUCTS_DIR)/CircleProgressViewDemo.app/CircleProgressViewDemo";
				FRAMEWORK_SEARCH_PATHS = (
					"$(SDKROOT)/Developer/Library/Frameworks",
					"$(inherited)",
					"$(DEVELOPER_FRAMEWORKS_DIR)",
				);
				GCC_PRECOMPILE_PREFIX_HEADER = YES;
				GCC_PREFIX_HEADER = "CircleProgressViewDemo/CircleProgressViewDemo-Prefix.pch";
				INFOPLIST_FILE = "CircleProgressViewDemoTests/CircleProgressViewDemoTests-Info.plist";
				PRODUCT_NAME = "$(TARGET_NAME)";
				TEST_HOST = "$(BUNDLE_LOADER)";
				WRAPPER_EXTENSION = xctest;
			};
			name = Release;
		};
/* End XCBuildConfiguration section */

/* Begin XCConfigurationList section */
		34FCBB7918A4A451006002E2 /* Build configuration list for PBXProject "CircleProgressViewDemo" */ = {
			isa = XCConfigurationList;
			buildConfigurations = (
				34FCBBAE18A4A451006002E2 /* Debug */,
				34FCBBAF18A4A451006002E2 /* Release */,
			);
			defaultConfigurationIsVisible = 0;
			defaultConfigurationName = Release;
		};
		34FCBBB018A4A451006002E2 /* Build configuration list for PBXNativeTarget "CircleProgressViewDemo" */ = {
			isa = XCConfigurationList;
			buildConfigurations = (
				34FCBBB118A4A451006002E2 /* Debug */,
				34FCBBB218A4A451006002E2 /* Release */,
			);
			defaultConfigurationIsVisible = 0;
			defaultConfigurationName = Release;
		};
		34FCBBB318A4A451006002E2 /* Build configuration list for PBXNativeTarget "CircleProgressViewDemoTests" */ = {
			isa = XCConfigurationList;
			buildConfigurations = (
				34FCBBB418A4A451006002E2 /* Debug */,
				34FCBBB518A4A451006002E2 /* Release */,
			);
			defaultConfigurationIsVisible = 0;
			defaultConfigurationName = Release;
		};
/* End XCConfigurationList section */
	};
	rootObject = 34FCBB7618A4A451006002E2 /* Project object */;
}
